// !$*UTF8*$!
{
	archiveVersion = 1;
	classes = {
	};
	objectVersion = 55;
	objects = {

/* Begin PBXBuildFile section */
		7FA90541288B2D1100F87928 /* AppDelegate.swift in Sources */ = {isa = PBXBuildFile; fileRef = 7FA90540288B2D1100F87928 /* AppDelegate.swift */; };
		7FA90545288B2D1100F87928 /* ViewController.swift in Sources */ = {isa = PBXBuildFile; fileRef = 7FA90544288B2D1100F87928 /* ViewController.swift */; };
		7FA90548288B2D1100F87928 /* Main.storyboard in Resources */ = {isa = PBXBuildFile; fileRef = 7FA90546288B2D1100F87928 /* Main.storyboard */; };
		7FA9054B288B2D1100F87928 /* RecipeTask.xcdatamodeld in Sources */ = {isa = PBXBuildFile; fileRef = 7FA90549288B2D1100F87928 /* RecipeTask.xcdatamodeld */; };
		7FA9054D288B2D1400F87928 /* Assets.xcassets in Resources */ = {isa = PBXBuildFile; fileRef = 7FA9054C288B2D1400F87928 /* Assets.xcassets */; };
		7FA90550288B2D1400F87928 /* LaunchScreen.storyboard in Resources */ = {isa = PBXBuildFile; fileRef = 7FA9054E288B2D1400F87928 /* LaunchScreen.storyboard */; };
		7FA9055B288B2D1400F87928 /* RecipeTaskTests.swift in Sources */ = {isa = PBXBuildFile; fileRef = 7FA9055A288B2D1400F87928 /* RecipeTaskTests.swift */; };
		7FA90565288B2D1400F87928 /* RecipeTaskUITests.swift in Sources */ = {isa = PBXBuildFile; fileRef = 7FA90564288B2D1400F87928 /* RecipeTaskUITests.swift */; };
		7FA90567288B2D1400F87928 /* RecipeTaskUITestsLaunchTests.swift in Sources */ = {isa = PBXBuildFile; fileRef = 7FA90566288B2D1400F87928 /* RecipeTaskUITestsLaunchTests.swift */; };
/* End PBXBuildFile section */

/* Begin PBXContainerItemProxy section */
		7FA90557288B2D1400F87928 /* PBXContainerItemProxy */ = {
			isa = PBXContainerItemProxy;
			containerPortal = 7FA90535288B2D1100F87928 /* Project object */;
			proxyType = 1;
			remoteGlobalIDString = 7FA9053C288B2D1100F87928;
			remoteInfo = RecipeTask;
		};
		7FA90561288B2D1400F87928 /* PBXContainerItemProxy */ = {
			isa = PBXContainerItemProxy;
			containerPortal = 7FA90535288B2D1100F87928 /* Project object */;
			proxyType = 1;
			remoteGlobalIDString = 7FA9053C288B2D1100F87928;
			remoteInfo = RecipeTask;
		};
/* End PBXContainerItemProxy section */

/* Begin PBXFileReference section */
		7FA9053D288B2D1100F87928 /* RecipeTask.app */ = {isa = PBXFileReference; explicitFileType = wrapper.application; includeInIndex = 0; path = RecipeTask.app; sourceTree = BUILT_PRODUCTS_DIR; };
		7FA90540288B2D1100F87928 /* AppDelegate.swift */ = {isa = PBXFileReference; lastKnownFileType = sourcecode.swift; path = AppDelegate.swift; sourceTree = "<group>"; };
		7FA90544288B2D1100F87928 /* ViewController.swift */ = {isa = PBXFileReference; lastKnownFileType = sourcecode.swift; path = ViewController.swift; sourceTree = "<group>"; };
		7FA90547288B2D1100F87928 /* Base */ = {isa = PBXFileReference; lastKnownFileType = file.storyboard; name = Base; path = Base.lproj/Main.storyboard; sourceTree = "<group>"; };
		7FA9054A288B2D1100F87928 /* RecipeTask.xcdatamodel */ = {isa = PBXFileReference; lastKnownFileType = wrapper.xcdatamodel; path = RecipeTask.xcdatamodel; sourceTree = "<group>"; };
		7FA9054C288B2D1400F87928 /* Assets.xcassets */ = {isa = PBXFileReference; lastKnownFileType = folder.assetcatalog; path = Assets.xcassets; sourceTree = "<group>"; };
		7FA9054F288B2D1400F87928 /* Base */ = {isa = PBXFileReference; lastKnownFileType = file.storyboard; name = Base; path = Base.lproj/LaunchScreen.storyboard; sourceTree = "<group>"; };
		7FA90551288B2D1400F87928 /* Info.plist */ = {isa = PBXFileReference; lastKnownFileType = text.plist.xml; path = Info.plist; sourceTree = "<group>"; };
		7FA90556288B2D1400F87928 /* RecipeTaskTests.xctest */ = {isa = PBXFileReference; explicitFileType = wrapper.cfbundle; includeInIndex = 0; path = RecipeTaskTests.xctest; sourceTree = BUILT_PRODUCTS_DIR; };
		7FA9055A288B2D1400F87928 /* RecipeTaskTests.swift */ = {isa = PBXFileReference; lastKnownFileType = sourcecode.swift; path = RecipeTaskTests.swift; sourceTree = "<group>"; };
		7FA90560288B2D1400F87928 /* RecipeTaskUITests.xctest */ = {isa = PBXFileReference; explicitFileType = wrapper.cfbundle; includeInIndex = 0; path = RecipeTaskUITests.xctest; sourceTree = BUILT_PRODUCTS_DIR; };
		7FA90564288B2D1400F87928 /* RecipeTaskUITests.swift */ = {isa = PBXFileReference; lastKnownFileType = sourcecode.swift; path = RecipeTaskUITests.swift; sourceTree = "<group>"; };
		7FA90566288B2D1400F87928 /* RecipeTaskUITestsLaunchTests.swift */ = {isa = PBXFileReference; lastKnownFileType = sourcecode.swift; path = RecipeTaskUITestsLaunchTests.swift; sourceTree = "<group>"; };
/* End PBXFileReference section */

/* Begin PBXFrameworksBuildPhase section */
		7FA9053A288B2D1100F87928 /* Frameworks */ = {
			isa = PBXFrameworksBuildPhase;
			buildActionMask = 2147483647;
			files = (
			);
			runOnlyForDeploymentPostprocessing = 0;
		};
		7FA90553288B2D1400F87928 /* Frameworks */ = {
			isa = PBXFrameworksBuildPhase;
			buildActionMask = 2147483647;
			files = (
			);
			runOnlyForDeploymentPostprocessing = 0;
		};
		7FA9055D288B2D1400F87928 /* Frameworks */ = {
			isa = PBXFrameworksBuildPhase;
			buildActionMask = 2147483647;
			files = (
			);
			runOnlyForDeploymentPostprocessing = 0;
		};
/* End PBXFrameworksBuildPhase section */

/* Begin PBXGroup section */
		7FA90534288B2D1100F87928 = {
			isa = PBXGroup;
			children = (
				7FA9053F288B2D1100F87928 /* RecipeTask */,
				7FA90559288B2D1400F87928 /* RecipeTaskTests */,
				7FA90563288B2D1400F87928 /* RecipeTaskUITests */,
				7FA9053E288B2D1100F87928 /* Products */,
			);
			sourceTree = "<group>";
		};
		7FA9053E288B2D1100F87928 /* Products */ = {
			isa = PBXGroup;
			children = (
				7FA9053D288B2D1100F87928 /* RecipeTask.app */,
				7FA90556288B2D1400F87928 /* RecipeTaskTests.xctest */,
				7FA90560288B2D1400F87928 /* RecipeTaskUITests.xctest */,
			);
			name = Products;
			sourceTree = "<group>";
		};
		7FA9053F288B2D1100F87928 /* RecipeTask */ = {
			isa = PBXGroup;
			children = (
				7FA90540288B2D1100F87928 /* AppDelegate.swift */,
				7FA90544288B2D1100F87928 /* ViewController.swift */,
				7FA90546288B2D1100F87928 /* Main.storyboard */,
				7FA9054C288B2D1400F87928 /* Assets.xcassets */,
				7FA9054E288B2D1400F87928 /* LaunchScreen.storyboard */,
				7FA90551288B2D1400F87928 /* Info.plist */,
				7FA90549288B2D1100F87928 /* RecipeTask.xcdatamodeld */,
			);
			path = RecipeTask;
			sourceTree = "<group>";
		};
		7FA90559288B2D1400F87928 /* RecipeTaskTests */ = {
			isa = PBXGroup;
			children = (
				7FA9055A288B2D1400F87928 /* RecipeTaskTests.swift */,
			);
			path = RecipeTaskTests;
			sourceTree = "<group>";
		};
		7FA90563288B2D1400F87928 /* RecipeTaskUITests */ = {
			isa = PBXGroup;
			children = (
				7FA90564288B2D1400F87928 /* RecipeTaskUITests.swift */,
				7FA90566288B2D1400F87928 /* RecipeTaskUITestsLaunchTests.swift */,
			);
			path = RecipeTaskUITests;
			sourceTree = "<group>";
		};
/* End PBXGroup section */

/* Begin PBXNativeTarget section */
		7FA9053C288B2D1100F87928 /* RecipeTask */ = {
			isa = PBXNativeTarget;
			buildConfigurationList = 7FA9056A288B2D1400F87928 /* Build configuration list for PBXNativeTarget "RecipeTask" */;
			buildPhases = (
				7FA90539288B2D1100F87928 /* Sources */,
				7FA9053A288B2D1100F87928 /* Frameworks */,
				7FA9053B288B2D1100F87928 /* Resources */,
			);
			buildRules = (
			);
			dependencies = (
			);
			name = RecipeTask;
			productName = RecipeTask;
			productReference = 7FA9053D288B2D1100F87928 /* RecipeTask.app */;
			productType = "com.apple.product-type.application";
		};
		7FA90555288B2D1400F87928 /* RecipeTaskTests */ = {
			isa = PBXNativeTarget;
			buildConfigurationList = 7FA9056D288B2D1400F87928 /* Build configuration list for PBXNativeTarget "RecipeTaskTests" */;
			buildPhases = (
				7FA90552288B2D1400F87928 /* Sources */,
				7FA90553288B2D1400F87928 /* Frameworks */,
				7FA90554288B2D1400F87928 /* Resources */,
			);
			buildRules = (
			);
			dependencies = (
				7FA90558288B2D1400F87928 /* PBXTargetDependency */,
			);
			name = RecipeTaskTests;
			productName = RecipeTaskTests;
			productReference = 7FA90556288B2D1400F87928 /* RecipeTaskTests.xctest */;
			productType = "com.apple.product-type.bundle.unit-test";
		};
		7FA9055F288B2D1400F87928 /* RecipeTaskUITests */ = {
			isa = PBXNativeTarget;
			buildConfigurationList = 7FA90570288B2D1400F87928 /* Build configuration list for PBXNativeTarget "RecipeTaskUITests" */;
			buildPhases = (
				7FA9055C288B2D1400F87928 /* Sources */,
				7FA9055D288B2D1400F87928 /* Frameworks */,
				7FA9055E288B2D1400F87928 /* Resources */,
			);
			buildRules = (
			);
			dependencies = (
				7FA90562288B2D1400F87928 /* PBXTargetDependency */,
			);
			name = RecipeTaskUITests;
			productName = RecipeTaskUITests;
			productReference = 7FA90560288B2D1400F87928 /* RecipeTaskUITests.xctest */;
			productType = "com.apple.product-type.bundle.ui-testing";
		};
/* End PBXNativeTarget section */

/* Begin PBXProject section */
		7FA90535288B2D1100F87928 /* Project object */ = {
			isa = PBXProject;
			attributes = {
				BuildIndependentTargetsInParallel = 1;
				LastSwiftUpdateCheck = 1340;
				LastUpgradeCheck = 1340;
				TargetAttributes = {
					7FA9053C288B2D1100F87928 = {
						CreatedOnToolsVersion = 13.4.1;
					};
					7FA90555288B2D1400F87928 = {
						CreatedOnToolsVersion = 13.4.1;
						TestTargetID = 7FA9053C288B2D1100F87928;
					};
					7FA9055F288B2D1400F87928 = {
						CreatedOnToolsVersion = 13.4.1;
						TestTargetID = 7FA9053C288B2D1100F87928;
					};
				};
			};
			buildConfigurationList = 7FA90538288B2D1100F87928 /* Build configuration list for PBXProject "RecipeTask" */;
			compatibilityVersion = "Xcode 13.0";
			developmentRegion = en;
			hasScannedForEncodings = 0;
			knownRegions = (
				en,
				Base,
			);
			mainGroup = 7FA90534288B2D1100F87928;
			productRefGroup = 7FA9053E288B2D1100F87928 /* Products */;
			projectDirPath = "";
			projectRoot = "";
			targets = (
				7FA9053C288B2D1100F87928 /* RecipeTask */,
				7FA90555288B2D1400F87928 /* RecipeTaskTests */,
				7FA9055F288B2D1400F87928 /* RecipeTaskUITests */,
			);
		};
/* End PBXProject section */

/* Begin PBXResourcesBuildPhase section */
		7FA9053B288B2D1100F87928 /* Resources */ = {
			isa = PBXResourcesBuildPhase;
			buildActionMask = 2147483647;
			files = (
				7FA90550288B2D1400F87928 /* LaunchScreen.storyboard in Resources */,
				7FA9054D288B2D1400F87928 /* Assets.xcassets in Resources */,
				7FA90548288B2D1100F87928 /* Main.storyboard in Resources */,
			);
			runOnlyForDeploymentPostprocessing = 0;
		};
		7FA90554288B2D1400F87928 /* Resources */ = {
			isa = PBXResourcesBuildPhase;
			buildActionMask = 2147483647;
			files = (
			);
			runOnlyForDeploymentPostprocessing = 0;
		};
		7FA9055E288B2D1400F87928 /* Resources */ = {
			isa = PBXResourcesBuildPhase;
			buildActionMask = 2147483647;
			files = (
			);
			runOnlyForDeploymentPostprocessing = 0;
		};
/* End PBXResourcesBuildPhase section */

/* Begin PBXSourcesBuildPhase section */
		7FA90539288B2D1100F87928 /* Sources */ = {
			isa = PBXSourcesBuildPhase;
			buildActionMask = 2147483647;
			files = (
				7FA90545288B2D1100F87928 /* ViewController.swift in Sources */,
				7FA90541288B2D1100F87928 /* AppDelegate.swift in Sources */,
				7FA9054B288B2D1100F87928 /* RecipeTask.xcdatamodeld in Sources */,
			);
			runOnlyForDeploymentPostprocessing = 0;
		};
		7FA90552288B2D1400F87928 /* Sources */ = {
			isa = PBXSourcesBuildPhase;
			buildActionMask = 2147483647;
			files = (
				7FA9055B288B2D1400F87928 /* RecipeTaskTests.swift in Sources */,
			);
			runOnlyForDeploymentPostprocessing = 0;
		};
		7FA9055C288B2D1400F87928 /* Sources */ = {
			isa = PBXSourcesBuildPhase;
			buildActionMask = 2147483647;
			files = (
				7FA90565288B2D1400F87928 /* RecipeTaskUITests.swift in Sources */,
				7FA90567288B2D1400F87928 /* RecipeTaskUITestsLaunchTests.swift in Sources */,
			);
			runOnlyForDeploymentPostprocessing = 0;
		};
/* End PBXSourcesBuildPhase section */

/* Begin PBXTargetDependency section */
		7FA90558288B2D1400F87928 /* PBXTargetDependency */ = {
			isa = PBXTargetDependency;
			target = 7FA9053C288B2D1100F87928 /* RecipeTask */;
			targetProxy = 7FA90557288B2D1400F87928 /* PBXContainerItemProxy */;
		};
		7FA90562288B2D1400F87928 /* PBXTargetDependency */ = {
			isa = PBXTargetDependency;
			target = 7FA9053C288B2D1100F87928 /* RecipeTask */;
			targetProxy = 7FA90561288B2D1400F87928 /* PBXContainerItemProxy */;
		};
/* End PBXTargetDependency section */

/* Begin PBXVariantGroup section */
		7FA90546288B2D1100F87928 /* Main.storyboard */ = {
			isa = PBXVariantGroup;
			children = (
				7FA90547288B2D1100F87928 /* Base */,
			);
			name = Main.storyboard;
			sourceTree = "<group>";
		};
		7FA9054E288B2D1400F87928 /* LaunchScreen.storyboard */ = {
			isa = PBXVariantGroup;
			children = (
				7FA9054F288B2D1400F87928 /* Base */,
			);
			name = LaunchScreen.storyboard;
			sourceTree = "<group>";
		};
/* End PBXVariantGroup section */

/* Begin XCBuildConfiguration section */
		7FA90568288B2D1400F87928 /* Debug */ = {
			isa = XCBuildConfiguration;
			buildSettings = {
				ALWAYS_SEARCH_USER_PATHS = NO;
				CLANG_ANALYZER_NONNULL = YES;
				CLANG_ANALYZER_NUMBER_OBJECT_CONVERSION = YES_AGGRESSIVE;
				CLANG_CXX_LANGUAGE_STANDARD = "gnu++17";
				CLANG_ENABLE_MODULES = YES;
				CLANG_ENABLE_OBJC_ARC = YES;
				CLANG_ENABLE_OBJC_WEAK = YES;
				CLANG_WARN_BLOCK_CAPTURE_AUTORELEASING = YES;
				CLANG_WARN_BOOL_CONVERSION = YES;
				CLANG_WARN_COMMA = YES;
				CLANG_WARN_CONSTANT_CONVERSION = YES;
				CLANG_WARN_DEPRECATED_OBJC_IMPLEMENTATIONS = YES;
				CLANG_WARN_DIRECT_OBJC_ISA_USAGE = YES_ERROR;
				CLANG_WARN_DOCUMENTATION_COMMENTS = YES;
				CLANG_WARN_EMPTY_BODY = YES;
				CLANG_WARN_ENUM_CONVERSION = YES;
				CLANG_WARN_INFINITE_RECURSION = YES;
				CLANG_WARN_INT_CONVERSION = YES;
				CLANG_WARN_NON_LITERAL_NULL_CONVERSION = YES;
				CLANG_WARN_OBJC_IMPLICIT_RETAIN_SELF = YES;
				CLANG_WARN_OBJC_LITERAL_CONVERSION = YES;
				CLANG_WARN_OBJC_ROOT_CLASS = YES_ERROR;
				CLANG_WARN_QUOTED_INCLUDE_IN_FRAMEWORK_HEADER = YES;
				CLANG_WARN_RANGE_LOOP_ANALYSIS = YES;
				CLANG_WARN_STRICT_PROTOTYPES = YES;
				CLANG_WARN_SUSPICIOUS_MOVE = YES;
				CLANG_WARN_UNGUARDED_AVAILABILITY = YES_AGGRESSIVE;
				CLANG_WARN_UNREACHABLE_CODE = YES;
				CLANG_WARN__DUPLICATE_METHOD_MATCH = YES;
				COPY_PHASE_STRIP = NO;
				DEBUG_INFORMATION_FORMAT = dwarf;
				ENABLE_STRICT_OBJC_MSGSEND = YES;
				ENABLE_TESTABILITY = YES;
				GCC_C_LANGUAGE_STANDARD = gnu11;
				GCC_DYNAMIC_NO_PIC = NO;
				GCC_NO_COMMON_BLOCKS = YES;
				GCC_OPTIMIZATION_LEVEL = 0;
				GCC_PREPROCESSOR_DEFINITIONS = (
					"DEBUG=1",
					"$(inherited)",
				);
				GCC_WARN_64_TO_32_BIT_CONVERSION = YES;
				GCC_WARN_ABOUT_RETURN_TYPE = YES_ERROR;
				GCC_WARN_UNDECLARED_SELECTOR = YES;
				GCC_WARN_UNINITIALIZED_AUTOS = YES_AGGRESSIVE;
				GCC_WARN_UNUSED_FUNCTION = YES;
				GCC_WARN_UNUSED_VARIABLE = YES;
				IPHONEOS_DEPLOYMENT_TARGET = 15.5;
				MTL_ENABLE_DEBUG_INFO = INCLUDE_SOURCE;
				MTL_FAST_MATH = YES;
				ONLY_ACTIVE_ARCH = YES;
				SDKROOT = iphoneos;
				SWIFT_ACTIVE_COMPILATION_CONDITIONS = DEBUG;
				SWIFT_OPTIMIZATION_LEVEL = "-Onone";
			};
			name = Debug;
		};
		7FA90569288B2D1400F87928 /* Release */ = {
			isa = XCBuildConfiguration;
			buildSettings = {
				ALWAYS_SEARCH_USER_PATHS = NO;
				CLANG_ANALYZER_NONNULL = YES;
				CLANG_ANALYZER_NUMBER_OBJECT_CONVERSION = YES_AGGRESSIVE;
				CLANG_CXX_LANGUAGE_STANDARD = "gnu++17";
				CLANG_ENABLE_MODULES = YES;
				CLANG_ENABLE_OBJC_ARC = YES;
				CLANG_ENABLE_OBJC_WEAK = YES;
				CLANG_WARN_BLOCK_CAPTURE_AUTORELEASING = YES;
				CLANG_WARN_BOOL_CONVERSION = YES;
				CLANG_WARN_COMMA = YES;
				CLANG_WARN_CONSTANT_CONVERSION = YES;
				CLANG_WARN_DEPRECATED_OBJC_IMPLEMENTATIONS = YES;
				CLANG_WARN_DIRECT_OBJC_ISA_USAGE = YES_ERROR;
				CLANG_WARN_DOCUMENTATION_COMMENTS = YES;
				CLANG_WARN_EMPTY_BODY = YES;
				CLANG_WARN_ENUM_CONVERSION = YES;
				CLANG_WARN_INFINITE_RECURSION = YES;
				CLANG_WARN_INT_CONVERSION = YES;
				CLANG_WARN_NON_LITERAL_NULL_CONVERSION = YES;
				CLANG_WARN_OBJC_IMPLICIT_RETAIN_SELF = YES;
				CLANG_WARN_OBJC_LITERAL_CONVERSION = YES;
				CLANG_WARN_OBJC_ROOT_CLASS = YES_ERROR;
				CLANG_WARN_QUOTED_INCLUDE_IN_FRAMEWORK_HEADER = YES;
				CLANG_WARN_RANGE_LOOP_ANALYSIS = YES;
				CLANG_WARN_STRICT_PROTOTYPES = YES;
				CLANG_WARN_SUSPICIOUS_MOVE = YES;
				CLANG_WARN_UNGUARDED_AVAILABILITY = YES_AGGRESSIVE;
				CLANG_WARN_UNREACHABLE_CODE = YES;
				CLANG_WARN__DUPLICATE_METHOD_MATCH = YES;
				COPY_PHASE_STRIP = NO;
				DEBUG_INFORMATION_FORMAT = "dwarf-with-dsym";
				ENABLE_NS_ASSERTIONS = NO;
				ENABLE_STRICT_OBJC_MSGSEND = YES;
				GCC_C_LANGUAGE_STANDARD = gnu11;
				GCC_NO_COMMON_BLOCKS = YES;
				GCC_WARN_64_TO_32_BIT_CONVERSION = YES;
				GCC_WARN_ABOUT_RETURN_TYPE = YES_ERROR;
				GCC_WARN_UNDECLARED_SELECTOR = YES;
				GCC_WARN_UNINITIALIZED_AUTOS = YES_AGGRESSIVE;
				GCC_WARN_UNUSED_FUNCTION = YES;
				GCC_WARN_UNUSED_VARIABLE = YES;
				IPHONEOS_DEPLOYMENT_TARGET = 15.5;
				MTL_ENABLE_DEBUG_INFO = NO;
				MTL_FAST_MATH = YES;
				SDKROOT = iphoneos;
				SWIFT_COMPILATION_MODE = wholemodule;
				SWIFT_OPTIMIZATION_LEVEL = "-O";
				VALIDATE_PRODUCT = YES;
			};
			name = Release;
		};
		7FA9056B288B2D1400F87928 /* Debug */ = {
			isa = XCBuildConfiguration;
			buildSettings = {
				ASSETCATALOG_COMPILER_APPICON_NAME = AppIcon;
				ASSETCATALOG_COMPILER_GLOBAL_ACCENT_COLOR_NAME = AccentColor;
				CODE_SIGN_STYLE = Automatic;
				CURRENT_PROJECT_VERSION = 1;
				DEVELOPMENT_TEAM = 8632GR7884;
				GENERATE_INFOPLIST_FILE = YES;
				INFOPLIST_FILE = RecipeTask/Info.plist;
				INFOPLIST_KEY_UIApplicationSupportsIndirectInputEvents = YES;
				INFOPLIST_KEY_UILaunchStoryboardName = LaunchScreen;
				INFOPLIST_KEY_UIMainStoryboardFile = Main;
				INFOPLIST_KEY_UISupportedInterfaceOrientations_iPad = "UIInterfaceOrientationPortrait UIInterfaceOrientationPortraitUpsideDown UIInterfaceOrientationLandscapeLeft UIInterfaceOrientationLandscapeRight";
				INFOPLIST_KEY_UISupportedInterfaceOrientations_iPhone = "UIInterfaceOrientationPortrait UIInterfaceOrientationLandscapeLeft UIInterfaceOrientationLandscapeRight";
				LD_RUNPATH_SEARCH_PATHS = (
					"$(inherited)",
					"@executable_path/Frameworks",
				);
				MARKETING_VERSION = 1.0;
				PRODUCT_BUNDLE_IDENTIFIER = Task.RecipeTask;
				PRODUCT_NAME = "$(TARGET_NAME)";
				SWIFT_EMIT_LOC_STRINGS = YES;
				SWIFT_VERSION = 5.0;
				TARGETED_DEVICE_FAMILY = "1,2";
			};
			name = Debug;
		};
		7FA9056C288B2D1400F87928 /* Release */ = {
			isa = XCBuildConfiguration;
			buildSettings = {
				ASSETCATALOG_COMPILER_APPICON_NAME = AppIcon;
				ASSETCATALOG_COMPILER_GLOBAL_ACCENT_COLOR_NAME = AccentColor;
				CODE_SIGN_STYLE = Automatic;
				CURRENT_PROJECT_VERSION = 1;
				DEVELOPMENT_TEAM = 8632GR7884;
				GENERATE_INFOPLIST_FILE = YES;
				INFOPLIST_FILE = RecipeTask/Info.plist;
				INFOPLIST_KEY_UIApplicationSupportsIndirectInputEvents = YES;
				INFOPLIST_KEY_UILaunchStoryboardName = LaunchScreen;
				INFOPLIST_KEY_UIMainStoryboardFile = Main;
				INFOPLIST_KEY_UISupportedInterfaceOrientations_iPad = "UIInterfaceOrientationPortrait UIInterfaceOrientationPortraitUpsideDown UIInterfaceOrientationLandscapeLeft UIInterfaceOrientationLandscapeRight";
				INFOPLIST_KEY_UISupportedInterfaceOrientations_iPhone = "UIInterfaceOrientationPortrait UIInterfaceOrientationLandscapeLeft UIInterfaceOrientationLandscapeRight";
				LD_RUNPATH_SEARCH_PATHS = (
					"$(inherited)",
					"@executable_path/Frameworks",
				);
				MARKETING_VERSION = 1.0;
				PRODUCT_BUNDLE_IDENTIFIER = Task.RecipeTask;
				PRODUCT_NAME = "$(TARGET_NAME)";
				SWIFT_EMIT_LOC_STRINGS = YES;
				SWIFT_VERSION = 5.0;
				TARGETED_DEVICE_FAMILY = "1,2";
			};
			name = Release;
		};
		7FA9056E288B2D1400F87928 /* Debug */ = {
			isa = XCBuildConfiguration;
			buildSettings = {
				ALWAYS_EMBED_SWIFT_STANDARD_LIBRARIES = YES;
				BUNDLE_LOADER = "$(TEST_HOST)";
				CODE_SIGN_STYLE = Automatic;
				CURRENT_PROJECT_VERSION = 1;
				DEVELOPMENT_TEAM = 8632GR7884;
				GENERATE_INFOPLIST_FILE = YES;
				IPHONEOS_DEPLOYMENT_TARGET = 15.5;
				MARKETING_VERSION = 1.0;
				PRODUCT_BUNDLE_IDENTIFIER = Task.RecipeTaskTests;
				PRODUCT_NAME = "$(TARGET_NAME)";
				SWIFT_EMIT_LOC_STRINGS = NO;
				SWIFT_VERSION = 5.0;
				TARGETED_DEVICE_FAMILY = "1,2";
				TEST_HOST = "$(BUILT_PRODUCTS_DIR)/RecipeTask.app/RecipeTask";
			};
			name = Debug;
		};
		7FA9056F288B2D1400F87928 /* Release */ = {
			isa = XCBuildConfiguration;
			buildSettings = {
				ALWAYS_EMBED_SWIFT_STANDARD_LIBRARIES = YES;
				BUNDLE_LOADER = "$(TEST_HOST)";
				CODE_SIGN_STYLE = Automatic;
				CURRENT_PROJECT_VERSION = 1;
				DEVELOPMENT_TEAM = 8632GR7884;
				GENERATE_INFOPLIST_FILE = YES;
				IPHONEOS_DEPLOYMENT_TARGET = 15.5;
				MARKETING_VERSION = 1.0;
				PRODUCT_BUNDLE_IDENTIFIER = Task.RecipeTaskTests;
				PRODUCT_NAME = "$(TARGET_NAME)";
				SWIFT_EMIT_LOC_STRINGS = NO;
				SWIFT_VERSION = 5.0;
				TARGETED_DEVICE_FAMILY = "1,2";
				TEST_HOST = "$(BUILT_PRODUCTS_DIR)/RecipeTask.app/RecipeTask";
			};
			name = Release;
		};
		7FA90571288B2D1400F87928 /* Debug */ = {
			isa = XCBuildConfiguration;
			buildSettings = {
				ALWAYS_EMBED_SWIFT_STANDARD_LIBRARIES = YES;
				CODE_SIGN_STYLE = Automatic;
				CURRENT_PROJECT_VERSION = 1;
				DEVELOPMENT_TEAM = 8632GR7884;
				GENERATE_INFOPLIST_FILE = YES;
				MARKETING_VERSION = 1.0;
				PRODUCT_BUNDLE_IDENTIFIER = Task.RecipeTaskUITests;
				PRODUCT_NAME = "$(TARGET_NAME)";
				SWIFT_EMIT_LOC_STRINGS = NO;
				SWIFT_VERSION = 5.0;
				TARGETED_DEVICE_FAMILY = "1,2";
				TEST_TARGET_NAME = RecipeTask;
			};
			name = Debug;
		};
		7FA90572288B2D1400F87928 /* Release */ = {
			isa = XCBuildConfiguration;
			buildSettings = {
				ALWAYS_EMBED_SWIFT_STANDARD_LIBRARIES = YES;
				CODE_SIGN_STYLE = Automatic;
				CURRENT_PROJECT_VERSION = 1;
				DEVELOPMENT_TEAM = 8632GR7884;
				GENERATE_INFOPLIST_FILE = YES;
				MARKETING_VERSION = 1.0;
				PRODUCT_BUNDLE_IDENTIFIER = Task.RecipeTaskUITests;
				PRODUCT_NAME = "$(TARGET_NAME)";
				SWIFT_EMIT_LOC_STRINGS = NO;
				SWIFT_VERSION = 5.0;
				TARGETED_DEVICE_FAMILY = "1,2";
				TEST_TARGET_NAME = RecipeTask;
			};
			name = Release;
		};
/* End XCBuildConfiguration section */

/* Begin XCConfigurationList section */
		7FA90538288B2D1100F87928 /* Build configuration list for PBXProject "RecipeTask" */ = {
			isa = XCConfigurationList;
			buildConfigurations = (
				7FA90568288B2D1400F87928 /* Debug */,
				7FA90569288B2D1400F87928 /* Release */,
			);
			defaultConfigurationIsVisible = 0;
			defaultConfigurationName = Release;
		};
		7FA9056A288B2D1400F87928 /* Build configuration list for PBXNativeTarget "RecipeTask" */ = {
			isa = XCConfigurationList;
			buildConfigurations = (
				7FA9056B288B2D1400F87928 /* Debug */,
				7FA9056C288B2D1400F87928 /* Release */,
			);
			defaultConfigurationIsVisible = 0;
			defaultConfigurationName = Release;
		};
		7FA9056D288B2D1400F87928 /* Build configuration list for PBXNativeTarget "RecipeTaskTests" */ = {
			isa = XCConfigurationList;
			buildConfigurations = (
				7FA9056E288B2D1400F87928 /* Debug */,
				7FA9056F288B2D1400F87928 /* Release */,
			);
			defaultConfigurationIsVisible = 0;
			defaultConfigurationName = Release;
		};
		7FA90570288B2D1400F87928 /* Build configuration list for PBXNativeTarget "RecipeTaskUITests" */ = {
			isa = XCConfigurationList;
			buildConfigurations = (
				7FA90571288B2D1400F87928 /* Debug */,
				7FA90572288B2D1400F87928 /* Release */,
			);
			defaultConfigurationIsVisible = 0;
			defaultConfigurationName = Release;
		};
/* End XCConfigurationList section */

/* Begin XCVersionGroup section */
		7FA90549288B2D1100F87928 /* RecipeTask.xcdatamodeld */ = {
			isa = XCVersionGroup;
			children = (
				7FA9054A288B2D1100F87928 /* RecipeTask.xcdatamodel */,
			);
			currentVersion = 7FA9054A288B2D1100F87928 /* RecipeTask.xcdatamodel */;
			path = RecipeTask.xcdatamodeld;
			sourceTree = "<group>";
			versionGroupType = wrapper.xcdatamodel;
		};
/* End XCVersionGroup section */
	};
	rootObject = 7FA90535288B2D1100F87928 /* Project object */;
}
